
Microsoft Visual Studio Solution File, Format Version 12.00
# Visual Studio Version 16
VisualStudioVersion = 16.0.30711.63
MinimumVisualStudioVersion = 10.0.40219.1
Project("{FAE04EC0-301F-11D3-BF4B-00C04F79EFBC}") = "DynamicResources.UWP", "DynamicResources\DynamicResources.UWP\DynamicResources.UWP.csproj", "{786281A0-9F48-4E7A-8C41-77DC2E5806DD}"
EndProject
Project("{FAE04EC0-301F-11D3-BF4B-00C04F79EFBC}") = "DynamicResources.Android", "DynamicResources\DynamicResources.Android\DynamicResources.Android.csproj", "{D1855870-FD22-4F08-89AD-4266CF5BE703}"
EndProject
Project("{FAE04EC0-301F-11D3-BF4B-00C04F79EFBC}") = "DynamicResources.iOS", "DynamicResources\DynamicResources.iOS\DynamicResources.iOS.csproj", "{DEEC66ED-F4A3-473D-9A18-3AF42A4EECCD}"
EndProject
Project("{FAE04EC0-301F-11D3-BF4B-00C04F79EFBC}") = "DynamicResources", "DynamicResources\DynamicResources\DynamicResources.csproj", "{5F1FE7A8-A356-4C66-B4B6-866345BB74B3}"
EndProject
Global
	GlobalSection(SolutionConfigurationPlatforms) = preSolution
		Debug|Any CPU = Debug|Any CPU
		Debug|ARM = Debug|ARM
		Debug|iPhone = Debug|iPhone
		Debug|iPhoneSimulator = Debug|iPhoneSimulator
		Debug|x64 = Debug|x64
		Debug|x86 = Debug|x86
		Release|Any CPU = Release|Any CPU
		Release|ARM = Release|ARM
		Release|iPhone = Release|iPhone
		Release|iPhoneSimulator = Release|iPhoneSimulator
		Release|x64 = Release|x64
		Release|x86 = Release|x86
	EndGlobalSection
	GlobalSection(ProjectConfigurationPlatforms) = postSolution
		{786281A0-9F48-4E7A-8C41-77DC2E5806DD}.Debug|Any CPU.ActiveCfg = Debug|x86
		{786281A0-9F48-4E7A-8C41-77DC2E5806DD}.Debug|Any CPU.Build.0 = Debug|x86
		{786281A0-9F48-4E7A-8C41-77DC2E5806DD}.Debug|Any CPU.Deploy.0 = Debug|x86
		{786281A0-9F48-4E7A-8C41-77DC2E5806DD}.Debug|ARM.ActiveCfg = Debug|ARM
		{786281A0-9F48-4E7A-8C41-77DC2E5806DD}.Debug|ARM.Build.0 = Debug|ARM
		{786281A0-9F48-4E7A-8C41-77DC2E5806DD}.Debug|ARM.Deploy.0 = Debug|ARM
		{786281A0-9F48-4E7A-8C41-77DC2E5806DD}.Debug|iPhone.ActiveCfg = Debug|x86
		{786281A0-9F48-4E7A-8C41-77DC2E5806DD}.Debug|iPhone.Build.0 = Debug|x86
		{786281A0-9F48-4E7A-8C41-77DC2E5806DD}.Debug|iPhone.Deploy.0 = Debug|x86
		{786281A0-9F48-4E7A-8C41-77DC2E5806DD}.Debug|iPhoneSimulator.ActiveCfg = Debug|x86
		{786281A0-9F48-4E7A-8C41-77DC2E5806DD}.Debug|iPhoneSimulator.Build.0 = Debug|x86
		{786281A0-9F48-4E7A-8C41-77DC2E5806DD}.Debug|iPhoneSimulator.Deploy.0 = Debug|x86
		{786281A0-9F48-4E7A-8C41-77DC2E5806DD}.Debug|x64.ActiveCfg = Debug|x64
		{786281A0-9F48-4E7A-8C41-77DC2E5806DD}.Debug|x64.Build.0 = Debug|x64
		{786281A0-9F48-4E7A-8C41-77DC2E5806DD}.Debug|x64.Deploy.0 = Debug|x64
		{786281A0-9F48-4E7A-8C41-77DC2E5806DD}.Debug|x86.ActiveCfg = Debug|x86
		{786281A0-9F48-4E7A-8C41-77DC2E5806DD}.Debug|x86.Build.0 = Debug|x86
		{786281A0-9F48-4E7A-8C41-77DC2E5806DD}.Debug|x86.Deploy.0 = Debug|x86
		{786281A0-9F48-4E7A-8C41-77DC2E5806DD}.Release|Any CPU.ActiveCfg = Release|x86
		{786281A0-9F48-4E7A-8C41-77DC2E5806DD}.Release|Any CPU.Build.0 = Release|x86
		{786281A0-9F48-4E7A-8C41-77DC2E5806DD}.Release|Any CPU.Deploy.0 = Release|x86
		{786281A0-9F48-4E7A-8C41-77DC2E5806DD}.Release|ARM.ActiveCfg = Release|ARM
		{786281A0-9F48-4E7A-8C41-77DC2E5806DD}.Release|ARM.Build.0 = Release|ARM
		{786281A0-9F48-4E7A-8C41-77DC2E5806DD}.Release|ARM.Deploy.0 = Release|ARM
		{786281A0-9F48-4E7A-8C41-77DC2E5806DD}.Release|iPhone.ActiveCfg = Release|x86
		{786281A0-9F48-4E7A-8C41-77DC2E5806DD}.Release|iPhone.Build.0 = Release|x86
		{786281A0-9F48-4E7A-8C41-77DC2E5806DD}.Release|iPhone.Deploy.0 = Release|x86
		{786281A0-9F48-4E7A-8C41-77DC2E5806DD}.Release|iPhoneSimulator.ActiveCfg = Release|x86
		{786281A0-9F48-4E7A-8C41-77DC2E5806DD}.Release|iPhoneSimulator.Build.0 = Release|x86
		{786281A0-9F48-4E7A-8C41-77DC2E5806DD}.Release|iPhoneSimulator.Deploy.0 = Release|x86
		{786281A0-9F48-4E7A-8C41-77DC2E5806DD}.Release|x64.ActiveCfg = Release|x64
		{786281A0-9F48-4E7A-8C41-77DC2E5806DD}.Release|x64.Build.0 = Release|x64
		{786281A0-9F48-4E7A-8C41-77DC2E5806DD}.Release|x64.Deploy.0 = Release|x64
		{786281A0-9F48-4E7A-8C41-77DC2E5806DD}.Release|x86.ActiveCfg = Release|x86
		{786281A0-9F48-4E7A-8C41-77DC2E5806DD}.Release|x86.Build.0 = Release|x86
		{786281A0-9F48-4E7A-8C41-77DC2E5806DD}.Release|x86.Deploy.0 = Release|x86
		{D1855870-FD22-4F08-89AD-4266CF5BE703}.Debug|Any CPU.ActiveCfg = Debug|Any CPU
		{D1855870-FD22-4F08-89AD-4266CF5BE703}.Debug|Any CPU.Build.0 = Debug|Any CPU
		{D1855870-FD22-4F08-89AD-4266CF5BE703}.Debug|Any CPU.Deploy.0 = Debug|Any CPU
		{D1855870-FD22-4F08-89AD-4266CF5BE703}.Debug|ARM.ActiveCfg = Debug|Any CPU
		{D1855870-FD22-4F08-89AD-4266CF5BE703}.Debug|ARM.Build.0 = Debug|Any CPU
		{D1855870-FD22-4F08-89AD-4266CF5BE703}.Debug|ARM.Deploy.0 = Debug|Any CPU
		{D1855870-FD22-4F08-89AD-4266CF5BE703}.Debug|iPhone.ActiveCfg = Debug|Any CPU
		{D1855870-FD22-4F08-89AD-4266CF5BE703}.Debug|iPhone.Build.0 = Debug|Any CPU
		{D1855870-FD22-4F08-89AD-4266CF5BE703}.Debug|iPhone.Deploy.0 = Debug|Any CPU
		{D1855870-FD22-4F08-89AD-4266CF5BE703}.Debug|iPhoneSimulator.ActiveCfg = Debug|Any CPU
		{D1855870-FD22-4F08-89AD-4266CF5BE703}.Debug|iPhoneSimulator.Build.0 = Debug|Any CPU
		{D1855870-FD22-4F08-89AD-4266CF5BE703}.Debug|iPhoneSimulator.Deploy.0 = Debug|Any CPU
		{D1855870-FD22-4F08-89AD-4266CF5BE703}.Debug|x64.ActiveCfg = Debug|Any CPU
		{D1855870-FD22-4F08-89AD-4266CF5BE703}.Debug|x64.Build.0 = Debug|Any CPU
		{D1855870-FD22-4F08-89AD-4266CF5BE703}.Debug|x64.Deploy.0 = Debug|Any CPU
		{D1855870-FD22-4F08-89AD-4266CF5BE703}.Debug|x86.ActiveCfg = Debug|Any CPU
		{D1855870-FD22-4F08-89AD-4266CF5BE703}.Debug|x86.Build.0 = Debug|Any CPU
		{D1855870-FD22-4F08-89AD-4266CF5BE703}.Debug|x86.Deploy.0 = Debug|Any CPU
		{D1855870-FD22-4F08-89AD-4266CF5BE703}.Release|Any CPU.ActiveCfg = Release|Any CPU
		{D1855870-FD22-4F08-89AD-4266CF5BE703}.Release|Any CPU.Build.0 = Release|Any CPU
		{D1855870-FD22-4F08-89AD-4266CF5BE703}.Release|Any CPU.Deploy.0 = Release|Any CPU
		{D1855870-FD22-4F08-89AD-4266CF5BE703}.Release|ARM.ActiveCfg = Release|Any CPU
		{D1855870-FD22-4F08-89AD-4266CF5BE703}.Release|ARM.Build.0 = Release|Any CPU
		{D1855870-FD22-4F08-89AD-4266CF5BE703}.Release|ARM.Deploy.0 = Release|Any CPU
		{D1855870-FD22-4F08-89AD-4266CF5BE703}.Release|iPhone.ActiveCfg = Release|Any CPU
		{D1855870-FD22-4F08-89AD-4266CF5BE703}.Release|iPhone.Build.0 = Release|Any CPU
		{D1855870-FD22-4F08-89AD-4266CF5BE703}.Release|iPhone.Deploy.0 = Release|Any CPU
		{D1855870-FD22-4F08-89AD-4266CF5BE703}.Release|iPhoneSimulator.ActiveCfg = Release|Any CPU
		{D1855870-FD22-4F08-89AD-4266CF5BE703}.Release|iPhoneSimulator.Build.0 = Release|Any CPU
		{D1855870-FD22-4F08-89AD-4266CF5BE703}.Release|iPhoneSimulator.Deploy.0 = Release|Any CPU
		{D1855870-FD22-4F08-89AD-4266CF5BE703}.Release|x64.ActiveCfg = Release|Any CPU
		{D1855870-FD22-4F08-89AD-4266CF5BE703}.Release|x64.Build.0 = Release|Any CPU
		{D1855870-FD22-4F08-89AD-4266CF5BE703}.Release|x64.Deploy.0 = Release|Any CPU
		{D1855870-FD22-4F08-89AD-4266CF5BE703}.Release|x86.ActiveCfg = Release|Any CPU
		{D1855870-FD22-4F08-89AD-4266CF5BE703}.Release|x86.Build.0 = Release|Any CPU
		{D1855870-FD22-4F08-89AD-4266CF5BE703}.Release|x86.Deploy.0 = Release|Any CPU
		{DEEC66ED-F4A3-473D-9A18-3AF42A4EECCD}.Debug|Any CPU.ActiveCfg = Debug|iPhoneSimulator
		{DEEC66ED-F4A3-473D-9A18-3AF42A4EECCD}.Debug|Any CPU.Build.0 = Debug|iPhoneSimulator
		{DEEC66ED-F4A3-473D-9A18-3AF42A4EECCD}.Debug|Any CPU.Deploy.0 = Debug|iPhoneSimulator
		{DEEC66ED-F4A3-473D-9A18-3AF42A4EECCD}.Debug|ARM.ActiveCfg = Debug|iPhone
		{DEEC66ED-F4A3-473D-9A18-3AF42A4EECCD}.Debug|ARM.Build.0 = Debug|iPhone
		{DEEC66ED-F4A3-473D-9A18-3AF42A4EECCD}.Debug|ARM.Deploy.0 = Debug|iPhone
		{DEEC66ED-F4A3-473D-9A18-3AF42A4EECCD}.Debug|iPhone.ActiveCfg = Debug|iPhone
		{DEEC66ED-F4A3-473D-9A18-3AF42A4EECCD}.Debug|iPhone.Build.0 = Debug|iPhone
		{DEEC66ED-F4A3-473D-9A18-3AF42A4EECCD}.Debug|iPhone.Deploy.0 = Debug|iPhone
		{DEEC66ED-F4A3-473D-9A18-3AF42A4EECCD}.Debug|iPhoneSimulator.ActiveCfg = Debug|iPhoneSimulator
		{DEEC66ED-F4A3-473D-9A18-3AF42A4EECCD}.Debug|iPhoneSimulator.Build.0 = Debug|iPhoneSimulator
		{DEEC66ED-F4A3-473D-9A18-3AF42A4EECCD}.Debug|iPhoneSimulator.Deploy.0 = Debug|iPhoneSimulator
		{DEEC66ED-F4A3-473D-9A18-3AF42A4EECCD}.Debug|x64.ActiveCfg = Debug|iPhoneSimulator
		{DEEC66ED-F4A3-473D-9A18-3AF42A4EECCD}.Debug|x64.Build.0 = Debug|iPhoneSimulator
		{DEEC66ED-F4A3-473D-9A18-3AF42A4EECCD}.Debug|x64.Deploy.0 = Debug|iPhoneSimulator
		{DEEC66ED-F4A3-473D-9A18-3AF42A4EECCD}.Debug|x86.ActiveCfg = Debug|iPhoneSimulator
		{DEEC66ED-F4A3-473D-9A18-3AF42A4EECCD}.Debug|x86.Build.0 = Debug|iPhoneSimulator
		{DEEC66ED-F4A3-473D-9A18-3AF42A4EECCD}.Debug|x86.Deploy.0 = Debug|iPhoneSimulator
		{DEEC66ED-F4A3-473D-9A18-3AF42A4EECCD}.Release|Any CPU.ActiveCfg = Release|iPhoneSimulator
		{DEEC66ED-F4A3-473D-9A18-3AF42A4EECCD}.Release|Any CPU.Build.0 = Release|iPhoneSimulator
		{DEEC66ED-F4A3-473D-9A18-3AF42A4EECCD}.Release|Any CPU.Deploy.0 = Release|iPhoneSimulator
		{DEEC66ED-F4A3-473D-9A18-3AF42A4EECCD}.Release|ARM.ActiveCfg = Release|iPhoneSimulator
		{DEEC66ED-F4A3-473D-9A18-3AF42A4EECCD}.Release|ARM.Build.0 = Release|iPhoneSimulator
		{DEEC66ED-F4A3-473D-9A18-3AF42A4EECCD}.Release|ARM.Deploy.0 = Release|iPhoneSimulator
		{DEEC66ED-F4A3-473D-9A18-3AF42A4EECCD}.Release|iPhone.ActiveCfg = Release|iPhone
		{DEEC66ED-F4A3-473D-9A18-3AF42A4EECCD}.Release|iPhone.Build.0 = Release|iPhone
		{DEEC66ED-F4A3-473D-9A18-3AF42A4EECCD}.Release|iPhone.Deploy.0 = Release|iPhone
		{DEEC66ED-F4A3-473D-9A18-3AF42A4EECCD}.Release|iPhoneSimulator.ActiveCfg = Release|iPhoneSimulator
		{DEEC66ED-F4A3-473D-9A18-3AF42A4EECCD}.Release|iPhoneSimulator.Build.0 = Release|iPhoneSimulator
		{DEEC66ED-F4A3-473D-9A18-3AF42A4EECCD}.Release|iPhoneSimulator.Deploy.0 = Release|iPhoneSimulator
		{DEEC66ED-F4A3-473D-9A18-3AF42A4EECCD}.Release|x64.ActiveCfg = Release|iPhoneSimulator
		{DEEC66ED-F4A3-473D-9A18-3AF42A4EECCD}.Release|x64.Build.0 = Release|iPhoneSimulator
		{DEEC66ED-F4A3-473D-9A18-3AF42A4EECCD}.Release|x64.Deploy.0 = Release|iPhoneSimulator
		{DEEC66ED-F4A3-473D-9A18-3AF42A4EECCD}.Release|x86.ActiveCfg = Release|iPhoneSimulator
		{DEEC66ED-F4A3-473D-9A18-3AF42A4EECCD}.Release|x86.Build.0 = Release|iPhoneSimulator
		{DEEC66ED-F4A3-473D-9A18-3AF42A4EECCD}.Release|x86.Deploy.0 = Release|iPhoneSimulator
		{5F1FE7A8-A356-4C66-B4B6-866345BB74B3}.Debug|Any CPU.ActiveCfg = Debug|Any CPU
		{5F1FE7A8-A356-4C66-B4B6-866345BB74B3}.Debug|Any CPU.Build.0 = Debug|Any CPU
		{5F1FE7A8-A356-4C66-B4B6-866345BB74B3}.Debug|Any CPU.Deploy.0 = Debug|Any CPU
		{5F1FE7A8-A356-4C66-B4B6-866345BB74B3}.Debug|ARM.ActiveCfg = Debug|Any CPU
		{5F1FE7A8-A356-4C66-B4B6-866345BB74B3}.Debug|ARM.Build.0 = Debug|Any CPU
		{5F1FE7A8-A356-4C66-B4B6-866345BB74B3}.Debug|ARM.Deploy.0 = Debug|Any CPU
		{5F1FE7A8-A356-4C66-B4B6-866345BB74B3}.Debug|iPhone.ActiveCfg = Debug|Any CPU
		{5F1FE7A8-A356-4C66-B4B6-866345BB74B3}.Debug|iPhone.Build.0 = Debug|Any CPU
		{5F1FE7A8-A356-4C66-B4B6-866345BB74B3}.Debug|iPhone.Deploy.0 = Debug|Any CPU
		{5F1FE7A8-A356-4C66-B4B6-866345BB74B3}.Debug|iPhoneSimulator.ActiveCfg = Debug|Any CPU
		{5F1FE7A8-A356-4C66-B4B6-866345BB74B3}.Debug|iPhoneSimulator.Build.0 = Debug|Any CPU
		{5F1FE7A8-A356-4C66-B4B6-866345BB74B3}.Debug|iPhoneSimulator.Deploy.0 = Debug|Any CPU
		{5F1FE7A8-A356-4C66-B4B6-866345BB74B3}.Debug|x64.ActiveCfg = Debug|Any CPU
		{5F1FE7A8-A356-4C66-B4B6-866345BB74B3}.Debug|x64.Build.0 = Debug|Any CPU
		{5F1FE7A8-A356-4C66-B4B6-866345BB74B3}.Debug|x64.Deploy.0 = Debug|Any CPU
		{5F1FE7A8-A356-4C66-B4B6-866345BB74B3}.Debug|x86.ActiveCfg = Debug|Any CPU
		{5F1FE7A8-A356-4C66-B4B6-866345BB74B3}.Debug|x86.Build.0 = Debug|Any CPU
		{5F1FE7A8-A356-4C66-B4B6-866345BB74B3}.Debug|x86.Deploy.0 = Debug|Any CPU
		{5F1FE7A8-A356-4C66-B4B6-866345BB74B3}.Release|Any CPU.ActiveCfg = Release|Any CPU
		{5F1FE7A8-A356-4C66-B4B6-866345BB74B3}.Release|Any CPU.Build.0 = Release|Any CPU
		{5F1FE7A8-A356-4C66-B4B6-866345BB74B3}.Release|Any CPU.Deploy.0 = Release|Any CPU
		{5F1FE7A8-A356-4C66-B4B6-866345BB74B3}.Release|ARM.ActiveCfg = Release|Any CPU
		{5F1FE7A8-A356-4C66-B4B6-866345BB74B3}.Release|ARM.Build.0 = Release|Any CPU
		{5F1FE7A8-A356-4C66-B4B6-866345BB74B3}.Release|ARM.Deploy.0 = Release|Any CPU
		{5F1FE7A8-A356-4C66-B4B6-866345BB74B3}.Release|iPhone.ActiveCfg = Release|Any CPU
		{5F1FE7A8-A356-4C66-B4B6-866345BB74B3}.Release|iPhone.Build.0 = Release|Any CPU
		{5F1FE7A8-A356-4C66-B4B6-866345BB74B3}.Release|iPhone.Deploy.0 = Release|Any CPU
		{5F1FE7A8-A356-4C66-B4B6-866345BB74B3}.Release|iPhoneSimulator.ActiveCfg = Release|Any CPU
		{5F1FE7A8-A356-4C66-B4B6-866345BB74B3}.Release|iPhoneSimulator.Build.0 = Release|Any CPU
		{5F1FE7A8-A356-4C66-B4B6-866345BB74B3}.Release|iPhoneSimulator.Deploy.0 = Release|Any CPU
		{5F1FE7A8-A356-4C66-B4B6-866345BB74B3}.Release|x64.ActiveCfg = Release|Any CPU
		{5F1FE7A8-A356-4C66-B4B6-866345BB74B3}.Release|x64.Build.0 = Release|Any CPU
		{5F1FE7A8-A356-4C66-B4B6-866345BB74B3}.Release|x64.Deploy.0 = Release|Any CPU
		{5F1FE7A8-A356-4C66-B4B6-866345BB74B3}.Release|x86.ActiveCfg = Release|Any CPU
		{5F1FE7A8-A356-4C66-B4B6-866345BB74B3}.Release|x86.Build.0 = Release|Any CPU
		{5F1FE7A8-A356-4C66-B4B6-866345BB74B3}.Release|x86.Deploy.0 = Release|Any CPU
	EndGlobalSection
	GlobalSection(SolutionProperties) = preSolution
		HideSolutionNode = FALSE
	EndGlobalSection
	GlobalSection(ExtensibilityGlobals) = postSolution
		SolutionGuid = {93DF45CC-1904-4432-9DDC-48B042DD1226}
	EndGlobalSection
EndGlobal
